Microsoft Visual Studio Solution File, Format Version 12.00
# Visual Studio Version 17
VisualStudioVersion = 17.5.2.0
MinimumVisualStudioVersion = 10.0.40219.1
Project("{FAE04EC0-301F-11D3-BF4B-00C04F79EFBC}") = "StrataAudit.Functions", "StrataAudit.Functions\StrataAudit.Functions.csproj", "{77266C4F-FAF7-99E6-4321-596D2609950C}"
EndProject
Global
	GlobalSection(SolutionConfigurationPlatforms) = preSolution
		Debug|Any CPU = Debug|Any CPU
		Release|Any CPU = Release|Any CPU
	EndGlobalSection
	GlobalSection(ProjectConfigurationPlatforms) = postSolution
		{77266C4F-FAF7-99E6-4321-596D2609950C}.Debug|Any CPU.ActiveCfg = Debug|Any CPU
		{77266C4F-FAF7-99E6-4321-596D2609950C}.Debug|Any CPU.Build.0 = Debug|Any CPU
		{77266C4F-FAF7-99E6-4321-596D2609950C}.Release|Any CPU.ActiveCfg = Release|Any CPU
		{77266C4F-FAF7-99E6-4321-596D2609950C}.Release|Any CPU.Build.0 = Release|Any CPU
	EndGlobalSection
	GlobalSection(SolutionProperties) = preSolution
		HideSolutionNode = FALSE
	EndGlobalSection
	GlobalSection(ExtensibilityGlobals) = postSolution
		SolutionGuid = {E1FF61D6-1162-46EA-B3D2-7CE7DF8FCD5E}
	EndGlobalSection
EndGlobal
